
Microsoft Visual Studio Solution File, Format Version 12.00
# Visual Studio Version 16
VisualStudioVersion = 16.0.31410.223
MinimumVisualStudioVersion = 10.0.40219.1
Project("{2150E333-8FDC-42A3-9474-1A3956D46DE8}") = "Solution Items", "Solution Items", "{EE7CFB11-7DD3-4FDC-95DD-26B5A2EB58FB}"
	ProjectSection(SolutionItems) = preProject
		Changelog.txt = Changelog.txt
		ILCalc.testrunconfig = ILCalc.testrunconfig
		License.txt = License.txt
		ReadMe.txt = ReadMe.txt
		TODO List.txt = TODO List.txt
	EndProjectSection
EndProject
Project("{2150E333-8FDC-42A3-9474-1A3956D46DE8}") = "Applications", "Applications", "{68D87EC0-48ED-48FE-93F1-3D7FBBFF5EC4}"
EndProject
Project("{2150E333-8FDC-42A3-9474-1A3956D46DE8}") = "UnitTests", "UnitTests", "{D594CDFD-CBB8-4514-A0C6-58A4C241C507}"
EndProject
Project("{FAE04EC0-301F-11D3-BF4B-00C04F79EFBC}") = "ILCalc", "ILCalc\ILCalc.csproj", "{7C413C2E-73BA-40E2-9D01-68796471FE62}"
EndProject
Project("{FAE04EC0-301F-11D3-BF4B-00C04F79EFBC}") = "ILCalc.SL2", "ILCalc\ILCalc.SL2.csproj", "{1BD1928E-4EC8-4B0E-A5F6-375977213E27}"
EndProject
Project("{F184B08F-C81C-45F6-A57F-5ABD9991F28F}") = "Demo", "Applications\Demo\Demo.vbproj", "{A2DA0835-A2C5-45F0-8A5E-4A070B93FAAC}"
EndProject
Project("{FAE04EC0-301F-11D3-BF4B-00C04F79EFBC}") = "ILCalc.Console", "Applications\ILCalc.Console\ILCalc.Console.csproj", "{AA30558D-9FBB-4593-AAA6-1A3A836A8B24}"
EndProject
Project("{FAE04EC0-301F-11D3-BF4B-00C04F79EFBC}") = "SilverCalc", "Applications\SilverCalc\SilverCalc.csproj", "{DCCFFE67-E1F2-4615-B3A3-30EC6E9E3398}"
EndProject
Project("{FAE04EC0-301F-11D3-BF4B-00C04F79EFBC}") = "ILCalc.CF3", "ILCalc\ILCalc.CF3.csproj", "{DF3F36EB-F30A-4EC1-9E72-8D67663D4749}"
EndProject
Project("{FAE04EC0-301F-11D3-BF4B-00C04F79EFBC}") = "ILCalc.CF2", "ILCalc\ILCalc.CF2.csproj", "{7E968142-67B6-4394-AA11-A0270EB5490A}"
EndProject
Project("{FAE04EC0-301F-11D3-BF4B-00C04F79EFBC}") = "ILCalc.Tests", "ILCalc.Tests\ILCalc.Tests.csproj", "{17090BAD-E714-45E8-A4B9-E2FF2F93F1D7}"
EndProject
Project("{FAE04EC0-301F-11D3-BF4B-00C04F79EFBC}") = "ILCalc.Bench", "Applications\ILCalc.Bench\ILCalc.Bench.csproj", "{22F2F27D-4C67-40CC-9F2C-21BA7B58B659}"
EndProject
Project("{FAE04EC0-301F-11D3-BF4B-00C04F79EFBC}") = "ILCalc.Tests.SL2", "ILCalc.Tests\ILCalc.Tests.SL2.csproj", "{4D2F796B-D454-40DB-A07B-D341317BAB16}"
EndProject
Project("{FAE04EC0-301F-11D3-BF4B-00C04F79EFBC}") = "ILCalc.Tests.CF3", "ILCalc.Tests\ILCalc.Tests.CF3.csproj", "{0C16F9D7-89ED-4E91-98D3-DC90DBC5260B}"
EndProject
Project("{FAE04EC0-301F-11D3-BF4B-00C04F79EFBC}") = "ILCalc.Tests.CF2", "ILCalc.Tests\ILCalc.Tests.CF2.csproj", "{77752BBD-9A2A-4691-9901-0927F8F9F76B}"
EndProject
Global
	GlobalSection(SolutionConfigurationPlatforms) = preSolution
		Debug|Any CPU = Debug|Any CPU
		Deploy|Any CPU = Deploy|Any CPU
		Release|Any CPU = Release|Any CPU
	EndGlobalSection
	GlobalSection(ProjectConfigurationPlatforms) = postSolution
		{7C413C2E-73BA-40E2-9D01-68796471FE62}.Debug|Any CPU.ActiveCfg = Debug|Any CPU
		{7C413C2E-73BA-40E2-9D01-68796471FE62}.Debug|Any CPU.Build.0 = Debug|Any CPU
		{7C413C2E-73BA-40E2-9D01-68796471FE62}.Deploy|Any CPU.ActiveCfg = Deploy|Any CPU
		{7C413C2E-73BA-40E2-9D01-68796471FE62}.Deploy|Any CPU.Build.0 = Deploy|Any CPU
		{7C413C2E-73BA-40E2-9D01-68796471FE62}.Release|Any CPU.ActiveCfg = Release|Any CPU
		{7C413C2E-73BA-40E2-9D01-68796471FE62}.Release|Any CPU.Build.0 = Release|Any CPU
		{1BD1928E-4EC8-4B0E-A5F6-375977213E27}.Debug|Any CPU.ActiveCfg = Debug|Any CPU
		{1BD1928E-4EC8-4B0E-A5F6-375977213E27}.Debug|Any CPU.Build.0 = Debug|Any CPU
		{1BD1928E-4EC8-4B0E-A5F6-375977213E27}.Deploy|Any CPU.ActiveCfg = Deploy|Any CPU
		{1BD1928E-4EC8-4B0E-A5F6-375977213E27}.Deploy|Any CPU.Build.0 = Deploy|Any CPU
		{1BD1928E-4EC8-4B0E-A5F6-375977213E27}.Release|Any CPU.ActiveCfg = Release|Any CPU
		{1BD1928E-4EC8-4B0E-A5F6-375977213E27}.Release|Any CPU.Build.0 = Release|Any CPU
		{A2DA0835-A2C5-45F0-8A5E-4A070B93FAAC}.Debug|Any CPU.ActiveCfg = Debug|Any CPU
		{A2DA0835-A2C5-45F0-8A5E-4A070B93FAAC}.Debug|Any CPU.Build.0 = Debug|Any CPU
		{A2DA0835-A2C5-45F0-8A5E-4A070B93FAAC}.Deploy|Any CPU.ActiveCfg = Deploy|Any CPU
		{A2DA0835-A2C5-45F0-8A5E-4A070B93FAAC}.Deploy|Any CPU.Build.0 = Deploy|Any CPU
		{A2DA0835-A2C5-45F0-8A5E-4A070B93FAAC}.Release|Any CPU.ActiveCfg = Release|Any CPU
		{A2DA0835-A2C5-45F0-8A5E-4A070B93FAAC}.Release|Any CPU.Build.0 = Release|Any CPU
		{AA30558D-9FBB-4593-AAA6-1A3A836A8B24}.Debug|Any CPU.ActiveCfg = Debug|Any CPU
		{AA30558D-9FBB-4593-AAA6-1A3A836A8B24}.Debug|Any CPU.Build.0 = Debug|Any CPU
		{AA30558D-9FBB-4593-AAA6-1A3A836A8B24}.Deploy|Any CPU.ActiveCfg = Release|Any CPU
		{AA30558D-9FBB-4593-AAA6-1A3A836A8B24}.Release|Any CPU.ActiveCfg = Release|Any CPU
		{AA30558D-9FBB-4593-AAA6-1A3A836A8B24}.Release|Any CPU.Build.0 = Release|Any CPU
		{DCCFFE67-E1F2-4615-B3A3-30EC6E9E3398}.Debug|Any CPU.ActiveCfg = Debug|Any CPU
		{DCCFFE67-E1F2-4615-B3A3-30EC6E9E3398}.Debug|Any CPU.Build.0 = Debug|Any CPU
		{DCCFFE67-E1F2-4615-B3A3-30EC6E9E3398}.Deploy|Any CPU.ActiveCfg = Release|Any CPU
		{DCCFFE67-E1F2-4615-B3A3-30EC6E9E3398}.Release|Any CPU.ActiveCfg = Release|Any CPU
		{DCCFFE67-E1F2-4615-B3A3-30EC6E9E3398}.Release|Any CPU.Build.0 = Release|Any CPU
		{DF3F36EB-F30A-4EC1-9E72-8D67663D4749}.Debug|Any CPU.ActiveCfg = Debug|Any CPU
		{DF3F36EB-F30A-4EC1-9E72-8D67663D4749}.Debug|Any CPU.Build.0 = Debug|Any CPU
		{DF3F36EB-F30A-4EC1-9E72-8D67663D4749}.Deploy|Any CPU.ActiveCfg = Deploy|Any CPU
		{DF3F36EB-F30A-4EC1-9E72-8D67663D4749}.Deploy|Any CPU.Build.0 = Deploy|Any CPU
		{DF3F36EB-F30A-4EC1-9E72-8D67663D4749}.Release|Any CPU.ActiveCfg = Release|Any CPU
		{DF3F36EB-F30A-4EC1-9E72-8D67663D4749}.Release|Any CPU.Build.0 = Release|Any CPU
		{7E968142-67B6-4394-AA11-A0270EB5490A}.Debug|Any CPU.ActiveCfg = Debug|Any CPU
		{7E968142-67B6-4394-AA11-A0270EB5490A}.Debug|Any CPU.Build.0 = Debug|Any CPU
		{7E968142-67B6-4394-AA11-A0270EB5490A}.Deploy|Any CPU.ActiveCfg = Deploy|Any CPU
		{7E968142-67B6-4394-AA11-A0270EB5490A}.Deploy|Any CPU.Build.0 = Deploy|Any CPU
		{7E968142-67B6-4394-AA11-A0270EB5490A}.Release|Any CPU.ActiveCfg = Release|Any CPU
		{7E968142-67B6-4394-AA11-A0270EB5490A}.Release|Any CPU.Build.0 = Release|Any CPU
		{17090BAD-E714-45E8-A4B9-E2FF2F93F1D7}.Debug|Any CPU.ActiveCfg = Debug|Any CPU
		{17090BAD-E714-45E8-A4B9-E2FF2F93F1D7}.Debug|Any CPU.Build.0 = Debug|Any CPU
		{17090BAD-E714-45E8-A4B9-E2FF2F93F1D7}.Deploy|Any CPU.ActiveCfg = Release|Any CPU
		{17090BAD-E714-45E8-A4B9-E2FF2F93F1D7}.Release|Any CPU.ActiveCfg = Release|Any CPU
		{17090BAD-E714-45E8-A4B9-E2FF2F93F1D7}.Release|Any CPU.Build.0 = Release|Any CPU
		{22F2F27D-4C67-40CC-9F2C-21BA7B58B659}.Debug|Any CPU.ActiveCfg = Debug|Any CPU
		{22F2F27D-4C67-40CC-9F2C-21BA7B58B659}.Debug|Any CPU.Build.0 = Debug|Any CPU
		{22F2F27D-4C67-40CC-9F2C-21BA7B58B659}.Deploy|Any CPU.ActiveCfg = Debug|Any CPU
		{22F2F27D-4C67-40CC-9F2C-21BA7B58B659}.Deploy|Any CPU.Build.0 = Debug|Any CPU
		{22F2F27D-4C67-40CC-9F2C-21BA7B58B659}.Release|Any CPU.ActiveCfg = Release|Any CPU
		{22F2F27D-4C67-40CC-9F2C-21BA7B58B659}.Release|Any CPU.Build.0 = Release|Any CPU
		{4D2F796B-D454-40DB-A07B-D341317BAB16}.Debug|Any CPU.ActiveCfg = Debug|Any CPU
		{4D2F796B-D454-40DB-A07B-D341317BAB16}.Debug|Any CPU.Build.0 = Debug|Any CPU
		{4D2F796B-D454-40DB-A07B-D341317BAB16}.Deploy|Any CPU.ActiveCfg = Debug|Any CPU
		{4D2F796B-D454-40DB-A07B-D341317BAB16}.Release|Any CPU.ActiveCfg = Release|Any CPU
		{4D2F796B-D454-40DB-A07B-D341317BAB16}.Release|Any CPU.Build.0 = Release|Any CPU
		{0C16F9D7-89ED-4E91-98D3-DC90DBC5260B}.Debug|Any CPU.ActiveCfg = Debug|Any CPU
		{0C16F9D7-89ED-4E91-98D3-DC90DBC5260B}.Debug|Any CPU.Build.0 = Debug|Any CPU
		{0C16F9D7-89ED-4E91-98D3-DC90DBC5260B}.Deploy|Any CPU.ActiveCfg = Debug|Any CPU
		{0C16F9D7-89ED-4E91-98D3-DC90DBC5260B}.Deploy|Any CPU.Build.0 = Debug|Any CPU
		{0C16F9D7-89ED-4E91-98D3-DC90DBC5260B}.Release|Any CPU.ActiveCfg = Release|Any CPU
		{0C16F9D7-89ED-4E91-98D3-DC90DBC5260B}.Release|Any CPU.Build.0 = Release|Any CPU
		{77752BBD-9A2A-4691-9901-0927F8F9F76B}.Debug|Any CPU.ActiveCfg = Debug|Any CPU
		{77752BBD-9A2A-4691-9901-0927F8F9F76B}.Debug|Any CPU.Build.0 = Debug|Any CPU
		{77752BBD-9A2A-4691-9901-0927F8F9F76B}.Deploy|Any CPU.ActiveCfg = Debug|Any CPU
		{77752BBD-9A2A-4691-9901-0927F8F9F76B}.Deploy|Any CPU.Build.0 = Debug|Any CPU
		{77752BBD-9A2A-4691-9901-0927F8F9F76B}.Release|Any CPU.ActiveCfg = Release|Any CPU
		{77752BBD-9A2A-4691-9901-0927F8F9F76B}.Release|Any CPU.Build.0 = Release|Any CPU
	EndGlobalSection
	GlobalSection(SolutionProperties) = preSolution
		HideSolutionNode = FALSE
	EndGlobalSection
	GlobalSection(NestedProjects) = preSolution
		{A2DA0835-A2C5-45F0-8A5E-4A070B93FAAC} = {68D87EC0-48ED-48FE-93F1-3D7FBBFF5EC4}
		{AA30558D-9FBB-4593-AAA6-1A3A836A8B24} = {68D87EC0-48ED-48FE-93F1-3D7FBBFF5EC4}
		{DCCFFE67-E1F2-4615-B3A3-30EC6E9E3398} = {68D87EC0-48ED-48FE-93F1-3D7FBBFF5EC4}
		{17090BAD-E714-45E8-A4B9-E2FF2F93F1D7} = {D594CDFD-CBB8-4514-A0C6-58A4C241C507}
		{22F2F27D-4C67-40CC-9F2C-21BA7B58B659} = {68D87EC0-48ED-48FE-93F1-3D7FBBFF5EC4}
		{4D2F796B-D454-40DB-A07B-D341317BAB16} = {D594CDFD-CBB8-4514-A0C6-58A4C241C507}
		{0C16F9D7-89ED-4E91-98D3-DC90DBC5260B} = {D594CDFD-CBB8-4514-A0C6-58A4C241C507}
		{77752BBD-9A2A-4691-9901-0927F8F9F76B} = {D594CDFD-CBB8-4514-A0C6-58A4C241C507}
	EndGlobalSection
	GlobalSection(ExtensibilityGlobals) = postSolution
		SolutionGuid = {9F812352-BDC2-4823-866B-011A5FE7486F}
	EndGlobalSection
EndGlobal
